
Microsoft Visual Studio Solution File, Format Version 12.00
# Visual Studio 2013
VisualStudioVersion = 12.0.30723.0
MinimumVisualStudioVersion = 10.0.40219.1
Project("{FAE04EC0-301F-11D3-BF4B-00C04F79EFBC}") = "HWB", "HWB\HWB.csproj", "{1A4D058F-0075-4A61-81FF-7504E845C247}"
EndProject
Project("{2150E333-8FDC-42A3-9474-1A3956D46DE8}") = "Common", "Common", "{B55C1A46-15F3-4C9F-A004-FCACEB656BB7}"
EndProject
Project("{FAE04EC0-301F-11D3-BF4B-00C04F79EFBC}") = "Common", "Common\Common\Common.csproj", "{10FD574F-A795-4A9D-9D3B-26464022BFD8}"
EndProject
Project("{2150E333-8FDC-42A3-9474-1A3956D46DE8}") = "DataAccess", "DataAccess", "{E04D2E3B-82EE-4CC6-AD73-2AC4C43F8A7C}"
EndProject
Project("{FAE04EC0-301F-11D3-BF4B-00C04F79EFBC}") = "MySql", "DataAccess\MySql\MySql.csproj", "{5B25BEC1-4EC9-4C6E-8821-CDBB92297A18}"
EndProject
Project("{FAE04EC0-301F-11D3-BF4B-00C04F79EFBC}") = "SqlServer", "DataAccess\SqlServer\SqlServer.csproj", "{94FC440A-5A24-4F11-9951-EEA8D66617DE}"
EndProject
Project("{FAE04EC0-301F-11D3-BF4B-00C04F79EFBC}") = "Weixin", "Weixin\Weixin.csproj", "{38F19824-F095-4E11-BFBE-7521D077761B}"
EndProject
Global
	GlobalSection(SolutionConfigurationPlatforms) = preSolution
		Debug|Any CPU = Debug|Any CPU
		Release|Any CPU = Release|Any CPU
	EndGlobalSection
	GlobalSection(ProjectConfigurationPlatforms) = postSolution
		{1A4D058F-0075-4A61-81FF-7504E845C247}.Debug|Any CPU.ActiveCfg = Debug|Any CPU
		{1A4D058F-0075-4A61-81FF-7504E845C247}.Release|Any CPU.ActiveCfg = Release|Any CPU
		{1A4D058F-0075-4A61-81FF-7504E845C247}.Release|Any CPU.Build.0 = Release|Any CPU
		{10FD574F-A795-4A9D-9D3B-26464022BFD8}.Debug|Any CPU.ActiveCfg = Debug|Any CPU
		{10FD574F-A795-4A9D-9D3B-26464022BFD8}.Release|Any CPU.ActiveCfg = Release|Any CPU
		{10FD574F-A795-4A9D-9D3B-26464022BFD8}.Release|Any CPU.Build.0 = Release|Any CPU
		{5B25BEC1-4EC9-4C6E-8821-CDBB92297A18}.Debug|Any CPU.ActiveCfg = Debug|Any CPU
		{5B25BEC1-4EC9-4C6E-8821-CDBB92297A18}.Release|Any CPU.ActiveCfg = Release|Any CPU
		{5B25BEC1-4EC9-4C6E-8821-CDBB92297A18}.Release|Any CPU.Build.0 = Release|Any CPU
		{94FC440A-5A24-4F11-9951-EEA8D66617DE}.Debug|Any CPU.ActiveCfg = Debug|Any CPU
		{94FC440A-5A24-4F11-9951-EEA8D66617DE}.Release|Any CPU.ActiveCfg = Release|Any CPU
		{94FC440A-5A24-4F11-9951-EEA8D66617DE}.Release|Any CPU.Build.0 = Release|Any CPU
		{38F19824-F095-4E11-BFBE-7521D077761B}.Debug|Any CPU.ActiveCfg = Debug|Any CPU
		{38F19824-F095-4E11-BFBE-7521D077761B}.Release|Any CPU.ActiveCfg = Release|Any CPU
		{38F19824-F095-4E11-BFBE-7521D077761B}.Release|Any CPU.Build.0 = Release|Any CPU
	EndGlobalSection
	GlobalSection(SolutionProperties) = preSolution
		HideSolutionNode = FALSE
	EndGlobalSection
	GlobalSection(NestedProjects) = preSolution
		{10FD574F-A795-4A9D-9D3B-26464022BFD8} = {B55C1A46-15F3-4C9F-A004-FCACEB656BB7}
		{5B25BEC1-4EC9-4C6E-8821-CDBB92297A18} = {E04D2E3B-82EE-4CC6-AD73-2AC4C43F8A7C}
		{94FC440A-5A24-4F11-9951-EEA8D66617DE} = {E04D2E3B-82EE-4CC6-AD73-2AC4C43F8A7C}
	EndGlobalSection
EndGlobal
