
Microsoft Visual Studio Solution File, Format Version 12.00
# Visual Studio 2013
VisualStudioVersion = 12.0.30723.0
MinimumVisualStudioVersion = 10.0.40219.1
Project("{FAE04EC0-301F-11D3-BF4B-00C04F79EFBC}") = "HWB", "HWB\HWB.csproj", "{56119995-62AD-4F03-A629-13C601504568}"
EndProject
Project("{2150E333-8FDC-42A3-9474-1A3956D46DE8}") = "Common", "Common", "{6339AF21-229C-4FD3-8A14-B21B8889A6BB}"
EndProject
Project("{FAE04EC0-301F-11D3-BF4B-00C04F79EFBC}") = "Common", "Common\Common\Common.csproj", "{07038DF0-0BAD-4309-8B0B-E9312547D4A7}"
EndProject
Project("{2150E333-8FDC-42A3-9474-1A3956D46DE8}") = "Weixin", "Weixin", "{46073DBA-D8E0-4914-ACD0-11A4D1CB8515}"
EndProject
Project("{FAE04EC0-301F-11D3-BF4B-00C04F79EFBC}") = "Weixin", "Weixin\Weixin\Weixin.csproj", "{8278D58B-61EB-435F-86CA-5873D30BB201}"
EndProject
Project("{2150E333-8FDC-42A3-9474-1A3956D46DE8}") = "DataAccess", "DataAccess", "{3683DDE9-E6C8-41E9-B351-7EE7B08459E6}"
EndProject
Project("{FAE04EC0-301F-11D3-BF4B-00C04F79EFBC}") = "MySql", "DataAccess\MySql\MySql.csproj", "{043B86C2-8832-45AA-8820-7F789EBB2B54}"
EndProject
Project("{FAE04EC0-301F-11D3-BF4B-00C04F79EFBC}") = "SqlServer", "DataAccess\SqlServer\SqlServer.csproj", "{B10D1F9E-E1D8-4983-8236-FB6163FE4498}"
EndProject
Global
	GlobalSection(SolutionConfigurationPlatforms) = preSolution
		Debug|Any CPU = Debug|Any CPU
		Release|Any CPU = Release|Any CPU
	EndGlobalSection
	GlobalSection(ProjectConfigurationPlatforms) = postSolution
		{56119995-62AD-4F03-A629-13C601504568}.Debug|Any CPU.ActiveCfg = Debug|Any CPU
		{56119995-62AD-4F03-A629-13C601504568}.Release|Any CPU.ActiveCfg = Release|Any CPU
		{56119995-62AD-4F03-A629-13C601504568}.Release|Any CPU.Build.0 = Release|Any CPU
		{07038DF0-0BAD-4309-8B0B-E9312547D4A7}.Debug|Any CPU.ActiveCfg = Debug|Any CPU
		{07038DF0-0BAD-4309-8B0B-E9312547D4A7}.Release|Any CPU.ActiveCfg = Release|Any CPU
		{07038DF0-0BAD-4309-8B0B-E9312547D4A7}.Release|Any CPU.Build.0 = Release|Any CPU
		{8278D58B-61EB-435F-86CA-5873D30BB201}.Debug|Any CPU.ActiveCfg = Debug|Any CPU
		{8278D58B-61EB-435F-86CA-5873D30BB201}.Release|Any CPU.ActiveCfg = Release|Any CPU
		{8278D58B-61EB-435F-86CA-5873D30BB201}.Release|Any CPU.Build.0 = Release|Any CPU
		{043B86C2-8832-45AA-8820-7F789EBB2B54}.Debug|Any CPU.ActiveCfg = Debug|Any CPU
		{043B86C2-8832-45AA-8820-7F789EBB2B54}.Release|Any CPU.ActiveCfg = Release|Any CPU
		{043B86C2-8832-45AA-8820-7F789EBB2B54}.Release|Any CPU.Build.0 = Release|Any CPU
		{B10D1F9E-E1D8-4983-8236-FB6163FE4498}.Debug|Any CPU.ActiveCfg = Debug|Any CPU
		{B10D1F9E-E1D8-4983-8236-FB6163FE4498}.Release|Any CPU.ActiveCfg = Release|Any CPU
		{B10D1F9E-E1D8-4983-8236-FB6163FE4498}.Release|Any CPU.Build.0 = Release|Any CPU
	EndGlobalSection
	GlobalSection(SolutionProperties) = preSolution
		HideSolutionNode = FALSE
	EndGlobalSection
	GlobalSection(NestedProjects) = preSolution
		{07038DF0-0BAD-4309-8B0B-E9312547D4A7} = {6339AF21-229C-4FD3-8A14-B21B8889A6BB}
		{8278D58B-61EB-435F-86CA-5873D30BB201} = {46073DBA-D8E0-4914-ACD0-11A4D1CB8515}
		{043B86C2-8832-45AA-8820-7F789EBB2B54} = {3683DDE9-E6C8-41E9-B351-7EE7B08459E6}
		{B10D1F9E-E1D8-4983-8236-FB6163FE4498} = {3683DDE9-E6C8-41E9-B351-7EE7B08459E6}
	EndGlobalSection
EndGlobal
